
Microsoft Visual Studio Solution File, Format Version 12.00
# Visual Studio Version 16
VisualStudioVersion = 16.0.30517.126
MinimumVisualStudioVersion = 10.0.40219.1
Project("{8BC9CEB8-8B4A-11D0-8D11-00A0C91BC942}") = "huffman-zipper", "huffman-zipper\huffman-zipper.vcxproj", "{FD06E308-2CEB-4A5F-9992-6671C66BAD69}"
EndProject
Project("{8BC9CEB8-8B4A-11D0-8D11-00A0C91BC942}") = "huffmanCLI", "huffmanCLI\huffmanCLI.vcxproj", "{1B6B676D-C309-4733-AD98-DF051011C49B}"
EndProject
Project("{8BC9CEB8-8B4A-11D0-8D11-00A0C91BC942}") = "huffmanGUI", "huffmanGUI\huffmanGUI.vcxproj", "{9E084860-DA6C-40AB-8D90-2E5C187C7E52}"
EndProject
Global
	GlobalSection(SolutionConfigurationPlatforms) = preSolution
		Debug|x64 = Debug|x64
		Debug|x86 = Debug|x86
		Release|x64 = Release|x64
		Release|x86 = Release|x86
	EndGlobalSection
	GlobalSection(ProjectConfigurationPlatforms) = postSolution
		{FD06E308-2CEB-4A5F-9992-6671C66BAD69}.Debug|x64.ActiveCfg = Debug|x64
		{FD06E308-2CEB-4A5F-9992-6671C66BAD69}.Debug|x64.Build.0 = Debug|x64
		{FD06E308-2CEB-4A5F-9992-6671C66BAD69}.Debug|x86.ActiveCfg = Debug|Win32
		{FD06E308-2CEB-4A5F-9992-6671C66BAD69}.Debug|x86.Build.0 = Debug|Win32
		{FD06E308-2CEB-4A5F-9992-6671C66BAD69}.Release|x64.ActiveCfg = Release|x64
		{FD06E308-2CEB-4A5F-9992-6671C66BAD69}.Release|x64.Build.0 = Release|x64
		{FD06E308-2CEB-4A5F-9992-6671C66BAD69}.Release|x86.ActiveCfg = Release|Win32
		{FD06E308-2CEB-4A5F-9992-6671C66BAD69}.Release|x86.Build.0 = Release|Win32
		{1B6B676D-C309-4733-AD98-DF051011C49B}.Debug|x64.ActiveCfg = Debug|x64
		{1B6B676D-C309-4733-AD98-DF051011C49B}.Debug|x64.Build.0 = Debug|x64
		{1B6B676D-C309-4733-AD98-DF051011C49B}.Debug|x86.ActiveCfg = Debug|Win32
		{1B6B676D-C309-4733-AD98-DF051011C49B}.Debug|x86.Build.0 = Debug|Win32
		{1B6B676D-C309-4733-AD98-DF051011C49B}.Release|x64.ActiveCfg = Release|x64
		{1B6B676D-C309-4733-AD98-DF051011C49B}.Release|x64.Build.0 = Release|x64
		{1B6B676D-C309-4733-AD98-DF051011C49B}.Release|x86.ActiveCfg = Release|Win32
		{1B6B676D-C309-4733-AD98-DF051011C49B}.Release|x86.Build.0 = Release|Win32
		{9E084860-DA6C-40AB-8D90-2E5C187C7E52}.Debug|x64.ActiveCfg = Debug|x64
		{9E084860-DA6C-40AB-8D90-2E5C187C7E52}.Debug|x64.Build.0 = Debug|x64
		{9E084860-DA6C-40AB-8D90-2E5C187C7E52}.Debug|x86.ActiveCfg = Debug|Win32
		{9E084860-DA6C-40AB-8D90-2E5C187C7E52}.Debug|x86.Build.0 = Debug|Win32
		{9E084860-DA6C-40AB-8D90-2E5C187C7E52}.Release|x64.ActiveCfg = Release|x64
		{9E084860-DA6C-40AB-8D90-2E5C187C7E52}.Release|x64.Build.0 = Release|x64
		{9E084860-DA6C-40AB-8D90-2E5C187C7E52}.Release|x86.ActiveCfg = Release|Win32
		{9E084860-DA6C-40AB-8D90-2E5C187C7E52}.Release|x86.Build.0 = Release|Win32
	EndGlobalSection
	GlobalSection(SolutionProperties) = preSolution
		HideSolutionNode = FALSE
	EndGlobalSection
	GlobalSection(ExtensibilityGlobals) = postSolution
		SolutionGuid = {70E6CDCD-896F-47CF-B8FD-9070C2DC5EED}
	EndGlobalSection
EndGlobal
